
Microsoft Visual Studio Solution File, Format Version 12.00
# Visual Studio Version 17
VisualStudioVersion = 17.2.32616.157
MinimumVisualStudioVersion = 10.0.40219.1
Project("{9A19103F-16F7-4668-BE54-9A1E7A4F7556}") = "PhoneContact.WebApi", "TelefonRehberi\PhoneContact.WebApi.csproj", "{1E39CAF8-18F1-48AA-AE87-DE4476D2DD63}"
EndProject
Project("{9A19103F-16F7-4668-BE54-9A1E7A4F7556}") = "PhoneContact.Entities", "TelefonRehberi.Entities\PhoneContact.Entities.csproj", "{DA0AD589-74B2-468D-B7EE-78B01C9884C7}"
EndProject
Project("{9A19103F-16F7-4668-BE54-9A1E7A4F7556}") = "PhoneContact.Business", "TelefonRehberi.Business\PhoneContact.Business.csproj", "{684E4682-B9D1-4BEC-90D2-C061BAFBB10B}"
EndProject
Project("{9A19103F-16F7-4668-BE54-9A1E7A4F7556}") = "PhoneContact.DataAccess", "TelefonRehberi.DataAccess\PhoneContact.DataAccess.csproj", "{D66855DE-CB89-4710-874A-EE945433DFA5}"
EndProject
Project("{9A19103F-16F7-4668-BE54-9A1E7A4F7556}") = "PhoneContact.Core", "TelefonRehberi.Core\PhoneContact.Core.csproj", "{600C417D-317B-4537-9C24-FC41C8DD937D}"
EndProject
Global
	GlobalSection(SolutionConfigurationPlatforms) = preSolution
		Debug|Any CPU = Debug|Any CPU
		Release|Any CPU = Release|Any CPU
	EndGlobalSection
	GlobalSection(ProjectConfigurationPlatforms) = postSolution
		{1E39CAF8-18F1-48AA-AE87-DE4476D2DD63}.Debug|Any CPU.ActiveCfg = Debug|Any CPU
		{1E39CAF8-18F1-48AA-AE87-DE4476D2DD63}.Debug|Any CPU.Build.0 = Debug|Any CPU
		{1E39CAF8-18F1-48AA-AE87-DE4476D2DD63}.Release|Any CPU.ActiveCfg = Release|Any CPU
		{1E39CAF8-18F1-48AA-AE87-DE4476D2DD63}.Release|Any CPU.Build.0 = Release|Any CPU
		{DA0AD589-74B2-468D-B7EE-78B01C9884C7}.Debug|Any CPU.ActiveCfg = Debug|Any CPU
		{DA0AD589-74B2-468D-B7EE-78B01C9884C7}.Debug|Any CPU.Build.0 = Debug|Any CPU
		{DA0AD589-74B2-468D-B7EE-78B01C9884C7}.Release|Any CPU.ActiveCfg = Release|Any CPU
		{DA0AD589-74B2-468D-B7EE-78B01C9884C7}.Release|Any CPU.Build.0 = Release|Any CPU
		{684E4682-B9D1-4BEC-90D2-C061BAFBB10B}.Debug|Any CPU.ActiveCfg = Debug|Any CPU
		{684E4682-B9D1-4BEC-90D2-C061BAFBB10B}.Debug|Any CPU.Build.0 = Debug|Any CPU
		{684E4682-B9D1-4BEC-90D2-C061BAFBB10B}.Release|Any CPU.ActiveCfg = Release|Any CPU
		{684E4682-B9D1-4BEC-90D2-C061BAFBB10B}.Release|Any CPU.Build.0 = Release|Any CPU
		{D66855DE-CB89-4710-874A-EE945433DFA5}.Debug|Any CPU.ActiveCfg = Debug|Any CPU
		{D66855DE-CB89-4710-874A-EE945433DFA5}.Debug|Any CPU.Build.0 = Debug|Any CPU
		{D66855DE-CB89-4710-874A-EE945433DFA5}.Release|Any CPU.ActiveCfg = Release|Any CPU
		{D66855DE-CB89-4710-874A-EE945433DFA5}.Release|Any CPU.Build.0 = Release|Any CPU
		{600C417D-317B-4537-9C24-FC41C8DD937D}.Debug|Any CPU.ActiveCfg = Debug|Any CPU
		{600C417D-317B-4537-9C24-FC41C8DD937D}.Debug|Any CPU.Build.0 = Debug|Any CPU
		{600C417D-317B-4537-9C24-FC41C8DD937D}.Release|Any CPU.ActiveCfg = Release|Any CPU
		{600C417D-317B-4537-9C24-FC41C8DD937D}.Release|Any CPU.Build.0 = Release|Any CPU
	EndGlobalSection
	GlobalSection(SolutionProperties) = preSolution
		HideSolutionNode = FALSE
	EndGlobalSection
	GlobalSection(ExtensibilityGlobals) = postSolution
		SolutionGuid = {B6CC5817-5DA6-4D41-8D81-086543D4BF76}
	EndGlobalSection
EndGlobal
